
Microsoft Visual Studio Solution File, Format Version 12.00
# Visual Studio Version 17
VisualStudioVersion = 17.5.33414.496
MinimumVisualStudioVersion = 10.0.40219.1
Project("{FAE04EC0-301F-11D3-BF4B-00C04F79EFBC}") = "01_Mapping", "01_Mapping\01_Mapping.csproj", "{5AE08EA8-222B-4057-B486-470995A23DD3}"
EndProject
Project("{FAE04EC0-301F-11D3-BF4B-00C04F79EFBC}") = "02_Mapping", "02_Mapping\02_Mapping.csproj", "{0C08AF56-C9B1-45D3-B4D3-6B86BA979717}"
EndProject
Global
	GlobalSection(SolutionConfigurationPlatforms) = preSolution
		Debug|Any CPU = Debug|Any CPU
		Release|Any CPU = Release|Any CPU
	EndGlobalSection
	GlobalSection(ProjectConfigurationPlatforms) = postSolution
		{5AE08EA8-222B-4057-B486-470995A23DD3}.Debug|Any CPU.ActiveCfg = Debug|Any CPU
		{5AE08EA8-222B-4057-B486-470995A23DD3}.Debug|Any CPU.Build.0 = Debug|Any CPU
		{5AE08EA8-222B-4057-B486-470995A23DD3}.Release|Any CPU.ActiveCfg = Release|Any CPU
		{5AE08EA8-222B-4057-B486-470995A23DD3}.Release|Any CPU.Build.0 = Release|Any CPU
		{0C08AF56-C9B1-45D3-B4D3-6B86BA979717}.Debug|Any CPU.ActiveCfg = Debug|Any CPU
		{0C08AF56-C9B1-45D3-B4D3-6B86BA979717}.Debug|Any CPU.Build.0 = Debug|Any CPU
		{0C08AF56-C9B1-45D3-B4D3-6B86BA979717}.Release|Any CPU.ActiveCfg = Release|Any CPU
		{0C08AF56-C9B1-45D3-B4D3-6B86BA979717}.Release|Any CPU.Build.0 = Release|Any CPU
	EndGlobalSection
	GlobalSection(SolutionProperties) = preSolution
		HideSolutionNode = FALSE
	EndGlobalSection
	GlobalSection(ExtensibilityGlobals) = postSolution
		SolutionGuid = {E0673102-62E8-4749-8383-748490DBE905}
	EndGlobalSection
EndGlobal
