
Microsoft Visual Studio Solution File, Format Version 12.00
# Visual Studio Version 17
VisualStudioVersion = 17.4.33205.214
MinimumVisualStudioVersion = 10.0.40219.1
Project("{FAE04EC0-301F-11D3-BF4B-00C04F79EFBC}") = "01_EFC_DBFIRST", "01_EFC_DBFIRST\01_EFC_DBFIRST.csproj", "{941D5E96-A867-4B57-BADB-88BCC52AB15C}"
EndProject
Project("{FAE04EC0-301F-11D3-BF4B-00C04F79EFBC}") = "02_Services_DependencyInjection", "02_Services_DependencyInjection\02_Services_DependencyInjection.csproj", "{B6FFD71A-4573-4616-A648-300581CD1C3B}"
EndProject
Project("{FAE04EC0-301F-11D3-BF4B-00C04F79EFBC}") = "03_EFC_DependencyInjection", "03_EFC_DependencyInjection\03_EFC_DependencyInjection.csproj", "{8E8AB4F8-8BCB-4C5C-94BB-D8524FCB0AED}"
EndProject
Global
	GlobalSection(SolutionConfigurationPlatforms) = preSolution
		Debug|Any CPU = Debug|Any CPU
		Release|Any CPU = Release|Any CPU
	EndGlobalSection
	GlobalSection(ProjectConfigurationPlatforms) = postSolution
		{941D5E96-A867-4B57-BADB-88BCC52AB15C}.Debug|Any CPU.ActiveCfg = Debug|Any CPU
		{941D5E96-A867-4B57-BADB-88BCC52AB15C}.Debug|Any CPU.Build.0 = Debug|Any CPU
		{941D5E96-A867-4B57-BADB-88BCC52AB15C}.Release|Any CPU.ActiveCfg = Release|Any CPU
		{941D5E96-A867-4B57-BADB-88BCC52AB15C}.Release|Any CPU.Build.0 = Release|Any CPU
		{B6FFD71A-4573-4616-A648-300581CD1C3B}.Debug|Any CPU.ActiveCfg = Debug|Any CPU
		{B6FFD71A-4573-4616-A648-300581CD1C3B}.Debug|Any CPU.Build.0 = Debug|Any CPU
		{B6FFD71A-4573-4616-A648-300581CD1C3B}.Release|Any CPU.ActiveCfg = Release|Any CPU
		{B6FFD71A-4573-4616-A648-300581CD1C3B}.Release|Any CPU.Build.0 = Release|Any CPU
		{8E8AB4F8-8BCB-4C5C-94BB-D8524FCB0AED}.Debug|Any CPU.ActiveCfg = Debug|Any CPU
		{8E8AB4F8-8BCB-4C5C-94BB-D8524FCB0AED}.Debug|Any CPU.Build.0 = Debug|Any CPU
		{8E8AB4F8-8BCB-4C5C-94BB-D8524FCB0AED}.Release|Any CPU.ActiveCfg = Release|Any CPU
		{8E8AB4F8-8BCB-4C5C-94BB-D8524FCB0AED}.Release|Any CPU.Build.0 = Release|Any CPU
	EndGlobalSection
	GlobalSection(SolutionProperties) = preSolution
		HideSolutionNode = FALSE
	EndGlobalSection
	GlobalSection(ExtensibilityGlobals) = postSolution
		SolutionGuid = {B6192FFC-DDDC-4B0E-9D4E-55A3243D800B}
	EndGlobalSection
EndGlobal
