
Microsoft Visual Studio Solution File, Format Version 12.00
# Visual Studio Version 17
VisualStudioVersion = 17.5.33414.496
MinimumVisualStudioVersion = 10.0.40219.1
Project("{FAE04EC0-301F-11D3-BF4B-00C04F79EFBC}") = "01_NoSql_CosmosDB", "01_NoSql_CosmosDB\01_NoSql_CosmosDB.csproj", "{045D65CA-3330-4F2F-8296-732986892900}"
EndProject
Project("{FAE04EC0-301F-11D3-BF4B-00C04F79EFBC}") = "02_NoSql_EFC_CosmosDB", "02_NoSql_EFC_CosmosDB\02_NoSql_EFC_CosmosDB.csproj", "{AC911FD9-6257-4F47-8E12-42914F025E54}"
EndProject
Project("{FAE04EC0-301F-11D3-BF4B-00C04F79EFBC}") = "03_NoSql_MongoDB", "03_NoSql_MongoDB\03_NoSql_MongoDB.csproj", "{F1932F1F-D1AD-4CE9-9A6C-482C58B0F232}"
EndProject
Global
	GlobalSection(SolutionConfigurationPlatforms) = preSolution
		Debug|Any CPU = Debug|Any CPU
		Release|Any CPU = Release|Any CPU
	EndGlobalSection
	GlobalSection(ProjectConfigurationPlatforms) = postSolution
		{045D65CA-3330-4F2F-8296-732986892900}.Debug|Any CPU.ActiveCfg = Debug|Any CPU
		{045D65CA-3330-4F2F-8296-732986892900}.Debug|Any CPU.Build.0 = Debug|Any CPU
		{045D65CA-3330-4F2F-8296-732986892900}.Release|Any CPU.ActiveCfg = Release|Any CPU
		{045D65CA-3330-4F2F-8296-732986892900}.Release|Any CPU.Build.0 = Release|Any CPU
		{AC911FD9-6257-4F47-8E12-42914F025E54}.Debug|Any CPU.ActiveCfg = Debug|Any CPU
		{AC911FD9-6257-4F47-8E12-42914F025E54}.Debug|Any CPU.Build.0 = Debug|Any CPU
		{AC911FD9-6257-4F47-8E12-42914F025E54}.Release|Any CPU.ActiveCfg = Release|Any CPU
		{AC911FD9-6257-4F47-8E12-42914F025E54}.Release|Any CPU.Build.0 = Release|Any CPU
		{F1932F1F-D1AD-4CE9-9A6C-482C58B0F232}.Debug|Any CPU.ActiveCfg = Debug|Any CPU
		{F1932F1F-D1AD-4CE9-9A6C-482C58B0F232}.Debug|Any CPU.Build.0 = Debug|Any CPU
		{F1932F1F-D1AD-4CE9-9A6C-482C58B0F232}.Release|Any CPU.ActiveCfg = Release|Any CPU
		{F1932F1F-D1AD-4CE9-9A6C-482C58B0F232}.Release|Any CPU.Build.0 = Release|Any CPU
	EndGlobalSection
	GlobalSection(SolutionProperties) = preSolution
		HideSolutionNode = FALSE
	EndGlobalSection
	GlobalSection(ExtensibilityGlobals) = postSolution
		SolutionGuid = {D3981441-E566-4C14-9C54-50C70E7808FF}
	EndGlobalSection
EndGlobal
